<?xml version="1.0" encoding="utf-8"?>
<Project ToolsVersion="4.0" xmlns="http://schemas.microsoft.com/developer/msbuild/2003">
  <ItemGroup>
    <ClCompile Include="Main.cpp">
      <Filter>Source FIles</Filter>
    </ClCompile>
    <ClCompile Include="SFML_Application.cpp">
      <Filter>Source FIles</Filter>
    </ClCompile>
    <ClCompile Include="SFML_TitleScreen.cpp">
      <Filter>Source FIles</Filter>
    </ClCompile>
    <ClCompile Include="SFML_GameMenu.cpp">
      <Filter>Source FIles</Filter>
    </ClCompile>
    <ClCompile Include="SFML2D_Camera.cpp">
      <Filter>Source FIles</Filter>
    </ClCompile>
    <ClCompile Include="SFML_GameWorldLayer.cpp">
      <Filter>Source FIles</Filter>
    </ClCompile>
    <ClCompile Include="SFML_GameWorld.cpp">
      <Filter>Source FIles</Filter>
    </ClCompile>
  </ItemGroup>
  <ItemGroup>
    <Filter Include="Source FIles">
      <UniqueIdentifier>{3ab02820-c5e0-4c13-a6ad-9e4fe853501f}</UniqueIdentifier>
    </Filter>
    <Filter Include="Header Files">
      <UniqueIdentifier>{e5106f2a-1dbf-450a-afc1-65e2006fa39b}</UniqueIdentifier>
    </Filter>
  </ItemGroup>
  <ItemGroup>
    <ClInclude Include="SFML_Application.h">
      <Filter>Header Files</Filter>
    </ClInclude>
    <ClInclude Include="SFML_TitleScreen.h">
      <Filter>Header Files</Filter>
    </ClInclude>
    <ClInclude Include="SFML_GameMenu.h">
      <Filter>Header Files</Filter>
    </ClInclude>
    <ClInclude Include="SFML2D_Camera.h">
      <Filter>Header Files</Filter>
    </ClInclude>
    <ClInclude Include="SFML_GameWorldLayer.h">
      <Filter>Header Files</Filter>
    </ClInclude>
    <ClInclude Include="SFML_GameWorld.h">
      <Filter>Header Files</Filter>
    </ClInclude>
  </ItemGroup>
</Project>